<?xml version="1.0" encoding="UTF-8"?>
<CONFIG>
  <ProjectOptions>
    <Version Value="9"/>
    <PathDelim Value="\"/>
    <General>
      <Flags>
        <SaveClosedFiles Value="False"/>
        <SaveOnlyProjectUnits Value="True"/>
      </Flags>
      <MainUnit Value="0"/>
      <AutoCreateForms Value="False"/>
      <Icon Value="0"/>
      <ActiveWindowIndexAtStart Value="0"/>
    </General>
    <VersionInfo>
      <UseVersionInfo Value="True"/>
      <AutoIncrementBuild Value="True"/>
      <MajorVersionNr Value="3"/>
      <RevisionNr Value="5"/>
      <BuildNr Value="2"/>
      <Language Value="0407"/>
      <StringTable CompanyName="Marc Rasmussen" LegalCopyright="(c) 2012 Marc Rasmussen" ProductVersion="3.0.4.1"/>
    </VersionInfo>
    <BuildModes Count="1">
      <Item1 Name="default" Default="True"/>
    </BuildModes>
    <PublishOptions>
      <Version Value="2"/>
      <IgnoreBinaries Value="False"/>
      <IncludeFileFilter Value="*.(pas|pp|inc|lfm|lpr|lrs|lpi|lpk|sh|xml)"/>
      <ExcludeFileFilter Value="*.(bak|ppu|ppw|o|so);*~;backup"/>
    </PublishOptions>
    <RunParams>
      <local>
        <FormatVersion Value="1"/>
        <LaunchingApplication PathPlusParams="\usr\X11R6\bin\xterm -T 'Lazarus Run Output' -e $(LazarusDir)\tools\runwait.sh $(TargetCmdLine)"/>
      </local>
    </RunParams>
    <RequiredPackages Count="3">
      <Item1>
        <PackageName Value="FCL"/>
        <MinVersion Major="1" Valid="True"/>
      </Item1>
      <Item2>
        <PackageName Value="DCPlazarus"/>
        <MinVersion Major="2" Release="3" Build="2" Valid="True"/>
      </Item2>
      <Item3>
        <PackageName Value="LCL"/>
      </Item3>
    </RequiredPackages>
    <Units Count="11">
      <Unit0>
        <Filename Value="startprog.lpr"/>
        <IsPartOfProject Value="True"/>
        <UnitName Value="StartProg"/>
        <EditorIndex Value="1"/>
        <WindowIndex Value="0"/>
        <TopLine Value="1"/>
        <CursorPos X="1" Y="22"/>
        <UsageCount Value="91"/>
        <Loaded Value="True"/>
      </Unit0>
      <Unit1>
        <Filename Value="Source\frm_startprogmain.pas"/>
        <IsPartOfProject Value="True"/>
        <ComponentName Value="frmStartProgMain"/>
        <HasResources Value="True"/>
        <ResourceBaseClass Value="Form"/>
        <UnitName Value="frm_StartProgMain"/>
        <EditorIndex Value="0"/>
        <WindowIndex Value="0"/>
        <TopLine Value="361"/>
        <CursorPos X="3" Y="363"/>
        <UsageCount Value="91"/>
        <Bookmarks Count="1">
          <Item0 X="13" Y="353" ID="0"/>
        </Bookmarks>
        <Loaded Value="True"/>
        <LoadedDesigner Value="True"/>
      </Unit1>
      <Unit2>
        <Filename Value="Source\frm_startprogsetup.pas"/>
        <IsPartOfProject Value="True"/>
        <ComponentName Value="frmStartProgSetup"/>
        <HasResources Value="True"/>
        <ResourceBaseClass Value="Form"/>
        <UnitName Value="frm_StartProgSetup"/>
        <IsVisibleTab Value="True"/>
        <EditorIndex Value="7"/>
        <WindowIndex Value="0"/>
        <TopLine Value="512"/>
        <CursorPos X="1" Y="520"/>
        <UsageCount Value="91"/>
        <Loaded Value="True"/>
        <LoadedDesigner Value="True"/>
      </Unit2>
      <Unit3>
        <Filename Value="..\..\Packages\mrxml.pas"/>
        <IsPartOfProject Value="True"/>
        <UnitName Value="mrxml"/>
        <WindowIndex Value="0"/>
        <TopLine Value="937"/>
        <CursorPos X="3" Y="939"/>
        <UsageCount Value="89"/>
      </Unit3>
      <Unit4>
        <Filename Value="Source\frm_startproginputbox.pas"/>
        <IsPartOfProject Value="True"/>
        <ComponentName Value="frmStartProgInputBox"/>
        <ResourceBaseClass Value="Form"/>
        <UnitName Value="frm_StartProgInputBox"/>
        <WindowIndex Value="0"/>
        <TopLine Value="1"/>
        <CursorPos X="1" Y="1"/>
        <UsageCount Value="61"/>
      </Unit4>
      <Unit5>
        <Filename Value="Source\startprog_tools.pas"/>
        <IsPartOfProject Value="True"/>
        <UnitName Value="StartProg_Tools"/>
        <WindowIndex Value="0"/>
        <TopLine Value="24"/>
        <CursorPos X="18" Y="65"/>
        <UsageCount Value="56"/>
      </Unit5>
      <Unit6>
        <Filename Value="Source\startprog_startthread.pas"/>
        <IsPartOfProject Value="True"/>
        <UnitName Value="StartProg_StartThread"/>
        <EditorIndex Value="5"/>
        <WindowIndex Value="0"/>
        <TopLine Value="45"/>
        <CursorPos X="35" Y="57"/>
        <UsageCount Value="52"/>
        <Loaded Value="True"/>
      </Unit6>
      <Unit7>
        <Filename Value="Source\startprog_tools.win"/>
        <IsPartOfProject Value="True"/>
        <TopLine Value="1"/>
        <CursorPos X="1" Y="1"/>
        <UsageCount Value="49"/>
        <DefaultSyntaxHighlighter Value="None"/>
      </Unit7>
      <Unit8>
        <Filename Value="Source\frm_startproggetcredentials.pas"/>
        <IsPartOfProject Value="True"/>
        <ComponentName Value="frmStartProgGetCredentials"/>
        <ResourceBaseClass Value="Form"/>
        <UnitName Value="frm_StartProgGetCredentials"/>
        <WindowIndex Value="0"/>
        <TopLine Value="24"/>
        <CursorPos X="15" Y="48"/>
        <UsageCount Value="47"/>
      </Unit8>
      <Unit9>
        <Filename Value="Source\frm_startprogstartother.pas"/>
        <IsPartOfProject Value="True"/>
        <ComponentName Value="frmStartProgStartOther"/>
        <HasResources Value="True"/>
        <ResourceBaseClass Value="Form"/>
        <UnitName Value="frm_StartProgStartOther"/>
        <EditorIndex Value="6"/>
        <WindowIndex Value="0"/>
        <TopLine Value="16"/>
        <CursorPos X="1" Y="54"/>
        <UsageCount Value="46"/>
        <Loaded Value="True"/>
        <LoadedDesigner Value="True"/>
      </Unit9>
      <Unit10>
        <Filename Value="..\..\Packages\mrfunktionen_system.pas"/>
        <IsPartOfProject Value="True"/>
        <UnitName Value="MRFunktionen_System"/>
        <WindowIndex Value="0"/>
        <TopLine Value="1"/>
        <CursorPos X="11" Y="10"/>
        <UsageCount Value="35"/>
      </Unit10>
    </Units>
  </ProjectOptions>
  <CompilerOptions>
    <Version Value="11"/>
    <PathDelim Value="\"/>
    <SearchPaths>
      <IncludeFiles Value="$(ProjOutDir)"/>
      <OtherUnitFiles Value="Source;..\MRFunktionen_Lazarus"/>
      <UnitOutputDirectory Value="Output"/>
    </SearchPaths>
    <Parsing>
      <SyntaxOptions>
        <CStyleOperator Value="False"/>
        <UseAnsiStrings Value="False"/>
      </SyntaxOptions>
    </Parsing>
    <CodeGeneration>
      <SmartLinkUnit Value="True"/>
    </CodeGeneration>
    <Linking>
      <Debugging>
        <StripSymbols Value="True"/>
      </Debugging>
      <LinkSmart Value="True"/>
      <Options>
        <Win32>
          <GraphicApplication Value="True"/>
        </Win32>
      </Options>
    </Linking>
    <Other>
      <CustomOptions Value="-dSPDEBUG11 -dUseCThreads"/>
      <CompilerPath Value="$(CompPath)"/>
    </Other>
  </CompilerOptions>
  <Debugging>
    <BreakPoints Count="1">
      <Item1>
        <Kind Value="bpkSource"/>
        <WatchScope Value="wpsLocal"/>
        <WatchKind Value="wpkWrite"/>
        <Source Value="Source\frm_startprogstartother.pas"/>
        <Line Value="54"/>
      </Item1>
    </BreakPoints>
    <Watches Count="2">
      <Item1>
        <Expression Value="ParentMenu"/>
      </Item1>
      <Item2>
        <Expression Value="FHandle"/>
      </Item2>
    </Watches>
    <Exceptions Count="3">
      <Item1>
        <Name Value="EAbort"/>
      </Item1>
      <Item2>
        <Name Value="ECodetoolError"/>
      </Item2>
      <Item3>
        <Name Value="EFOpenError"/>
      </Item3>
    </Exceptions>
  </Debugging>
  <EditorMacros Count="0"/>
</CONFIG>
